
Microsoft Visual Studio Solution File, Format Version 12.00
# Visual Studio 2012
Project("{FAE04EC0-301F-11D3-BF4B-00C04F79EFBC}") = "SocialNetworkCLI", "SocialNetworkCLI/SocialNetworkCLI.csproj", "{8DBBBADE-1D65-48C5-BBEF-97A1B6F4C2FE}"
EndProject
Global
	GlobalSection(SolutionConfigurationPlatforms) = preSolution
		Debug|x86 = Debug|x86
		Release|x86 = Release|x86
	EndGlobalSection
	GlobalSection(ProjectConfigurationPlatforms) = postSolution
		{8DBBBADE-1D65-48C5-BBEF-97A1B6F4C2FE}.Debug|x86.ActiveCfg = Debug|x86
		{8DBBBADE-1D65-48C5-BBEF-97A1B6F4C2FE}.Debug|x86.Build.0 = Debug|x86
		{8DBBBADE-1D65-48C5-BBEF-97A1B6F4C2FE}.Release|x86.ActiveCfg = Release|x86
		{8DBBBADE-1D65-48C5-BBEF-97A1B6F4C2FE}.Release|x86.Build.0 = Release|x86
	EndGlobalSection
EndGlobal
